// !$*UTF8*$!
{
	archiveVersion = 1;
	classes = {
	};
	objectVersion = 46;
	objects = {

/* Begin PBXBuildFile section */
		09F688631B1838E300B58B0B /* TMPModelTrimFilter.m in Sources */ = {isa = PBXBuildFile; fileRef = 09F6883F1B1838E300B58B0B /* TMPModelTrimFilter.m */; };
		09F688641B1838E300B58B0B /* TMPModelBooleanValidator.m in Sources */ = {isa = PBXBuildFile; fileRef = 09F688411B1838E300B58B0B /* TMPModelBooleanValidator.m */; };
		09F688651B1838E300B58B0B /* TMPModelCompareValidator.m in Sources */ = {isa = PBXBuildFile; fileRef = 09F688431B1838E300B58B0B /* TMPModelCompareValidator.m */; };
		09F688661B1838E300B58B0B /* TMPModelDefaultValueValidator.m in Sources */ = {isa = PBXBuildFile; fileRef = 09F688451B1838E300B58B0B /* TMPModelDefaultValueValidator.m */; };
		09F688671B1838E300B58B0B /* TMPModelEmailValidator.m in Sources */ = {isa = PBXBuildFile; fileRef = 09F688471B1838E300B58B0B /* TMPModelEmailValidator.m */; };
		09F688681B1838E300B58B0B /* TMPModelFilterValidator.m in Sources */ = {isa = PBXBuildFile; fileRef = 09F688491B1838E300B58B0B /* TMPModelFilterValidator.m */; };
		09F688691B1838E300B58B0B /* TMPModelInlineValidator.m in Sources */ = {isa = PBXBuildFile; fileRef = 09F6884B1B1838E300B58B0B /* TMPModelInlineValidator.m */; };
		09F6886A1B1838E300B58B0B /* TMPModelNumberValidator.m in Sources */ = {isa = PBXBuildFile; fileRef = 09F6884D1B1838E300B58B0B /* TMPModelNumberValidator.m */; };
		09F6886B1B1838E300B58B0B /* TMPModelRangeValidator.m in Sources */ = {isa = PBXBuildFile; fileRef = 09F6884F1B1838E300B58B0B /* TMPModelRangeValidator.m */; };
		09F6886C1B1838E300B58B0B /* TMPModelRegExpValidator.m in Sources */ = {isa = PBXBuildFile; fileRef = 09F688511B1838E300B58B0B /* TMPModelRegExpValidator.m */; };
		09F6886D1B1838E300B58B0B /* TMPModelRequiredValidator.m in Sources */ = {isa = PBXBuildFile; fileRef = 09F688531B1838E300B58B0B /* TMPModelRequiredValidator.m */; };
		09F6886E1B1838E300B58B0B /* TMPModelSafeValidator.m in Sources */ = {isa = PBXBuildFile; fileRef = 09F688551B1838E300B58B0B /* TMPModelSafeValidator.m */; };
		09F6886F1B1838E300B58B0B /* TMPModelStringValidator.m in Sources */ = {isa = PBXBuildFile; fileRef = 09F688571B1838E300B58B0B /* TMPModelStringValidator.m */; };
		09F688701B1838E300B58B0B /* TMPModelUrlValidator.m in Sources */ = {isa = PBXBuildFile; fileRef = 09F688591B1838E300B58B0B /* TMPModelUrlValidator.m */; };
		09F688711B1838E300B58B0B /* TMPModelValidator.m in Sources */ = {isa = PBXBuildFile; fileRef = 09F6885B1B1838E300B58B0B /* TMPModelValidator.m */; };
		09F688721B1838E300B58B0B /* TMPModelObserver.m in Sources */ = {isa = PBXBuildFile; fileRef = 09F6885D1B1838E300B58B0B /* TMPModelObserver.m */; };
		09F688731B1838E300B58B0B /* TMPModel.m in Sources */ = {isa = PBXBuildFile; fileRef = 09F6885F1B1838E300B58B0B /* TMPModel.m */; };
		09F688741B1838E300B58B0B /* NSObject+TMPModelValidation.m in Sources */ = {isa = PBXBuildFile; fileRef = 09F688611B1838E300B58B0B /* NSObject+TMPModelValidation.m */; };
		55901AFF1A1C823F0027C024 /* main.m in Sources */ = {isa = PBXBuildFile; fileRef = 55901AFE1A1C823F0027C024 /* main.m */; };
		55901B021A1C823F0027C024 /* AppDelegate.m in Sources */ = {isa = PBXBuildFile; fileRef = 55901B011A1C823F0027C024 /* AppDelegate.m */; };
		55901B051A1C823F0027C024 /* ViewController.m in Sources */ = {isa = PBXBuildFile; fileRef = 55901B041A1C823F0027C024 /* ViewController.m */; };
		55901B081A1C823F0027C024 /* Main.storyboard in Resources */ = {isa = PBXBuildFile; fileRef = 55901B061A1C823F0027C024 /* Main.storyboard */; };
		55901B0A1A1C823F0027C024 /* Images.xcassets in Resources */ = {isa = PBXBuildFile; fileRef = 55901B091A1C823F0027C024 /* Images.xcassets */; };
		55901B221A1C84B10027C024 /* User.m in Sources */ = {isa = PBXBuildFile; fileRef = 55901B211A1C84B10027C024 /* User.m */; };
		D7DF35166134711CCA4D92DB /* libPods-FXFormsExample.a in Frameworks */ = {isa = PBXBuildFile; fileRef = B946C9E1350ABDFB86909171 /* libPods-FXFormsExample.a */; };
/* End PBXBuildFile section */

/* Begin PBXFileReference section */
		09F6883E1B1838E300B58B0B /* TMPModelTrimFilter.h */ = {isa = PBXFileReference; fileEncoding = 4; lastKnownFileType = sourcecode.c.h; path = TMPModelTrimFilter.h; sourceTree = "<group>"; };
		09F6883F1B1838E300B58B0B /* TMPModelTrimFilter.m */ = {isa = PBXFileReference; fileEncoding = 4; lastKnownFileType = sourcecode.c.objc; path = TMPModelTrimFilter.m; sourceTree = "<group>"; };
		09F688401B1838E300B58B0B /* TMPModelBooleanValidator.h */ = {isa = PBXFileReference; fileEncoding = 4; lastKnownFileType = sourcecode.c.h; path = TMPModelBooleanValidator.h; sourceTree = "<group>"; };
		09F688411B1838E300B58B0B /* TMPModelBooleanValidator.m */ = {isa = PBXFileReference; fileEncoding = 4; lastKnownFileType = sourcecode.c.objc; path = TMPModelBooleanValidator.m; sourceTree = "<group>"; };
		09F688421B1838E300B58B0B /* TMPModelCompareValidator.h */ = {isa = PBXFileReference; fileEncoding = 4; lastKnownFileType = sourcecode.c.h; path = TMPModelCompareValidator.h; sourceTree = "<group>"; };
		09F688431B1838E300B58B0B /* TMPModelCompareValidator.m */ = {isa = PBXFileReference; fileEncoding = 4; lastKnownFileType = sourcecode.c.objc; path = TMPModelCompareValidator.m; sourceTree = "<group>"; };
		09F688441B1838E300B58B0B /* TMPModelDefaultValueValidator.h */ = {isa = PBXFileReference; fileEncoding = 4; lastKnownFileType = sourcecode.c.h; path = TMPModelDefaultValueValidator.h; sourceTree = "<group>"; };
		09F688451B1838E300B58B0B /* TMPModelDefaultValueValidator.m */ = {isa = PBXFileReference; fileEncoding = 4; lastKnownFileType = sourcecode.c.objc; path = TMPModelDefaultValueValidator.m; sourceTree = "<group>"; };
		09F688461B1838E300B58B0B /* TMPModelEmailValidator.h */ = {isa = PBXFileReference; fileEncoding = 4; lastKnownFileType = sourcecode.c.h; path = TMPModelEmailValidator.h; sourceTree = "<group>"; };
		09F688471B1838E300B58B0B /* TMPModelEmailValidator.m */ = {isa = PBXFileReference; fileEncoding = 4; lastKnownFileType = sourcecode.c.objc; path = TMPModelEmailValidator.m; sourceTree = "<group>"; };
		09F688481B1838E300B58B0B /* TMPModelFilterValidator.h */ = {isa = PBXFileReference; fileEncoding = 4; lastKnownFileType = sourcecode.c.h; path = TMPModelFilterValidator.h; sourceTree = "<group>"; };
		09F688491B1838E300B58B0B /* TMPModelFilterValidator.m */ = {isa = PBXFileReference; fileEncoding = 4; lastKnownFileType = sourcecode.c.objc; path = TMPModelFilterValidator.m; sourceTree = "<group>"; };
		09F6884A1B1838E300B58B0B /* TMPModelInlineValidator.h */ = {isa = PBXFileReference; fileEncoding = 4; lastKnownFileType = sourcecode.c.h; path = TMPModelInlineValidator.h; sourceTree = "<group>"; };
		09F6884B1B1838E300B58B0B /* TMPModelInlineValidator.m */ = {isa = PBXFileReference; fileEncoding = 4; lastKnownFileType = sourcecode.c.objc; path = TMPModelInlineValidator.m; sourceTree = "<group>"; };
		09F6884C1B1838E300B58B0B /* TMPModelNumberValidator.h */ = {isa = PBXFileReference; fileEncoding = 4; lastKnownFileType = sourcecode.c.h; path = TMPModelNumberValidator.h; sourceTree = "<group>"; };
		09F6884D1B1838E300B58B0B /* TMPModelNumberValidator.m */ = {isa = PBXFileReference; fileEncoding = 4; lastKnownFileType = sourcecode.c.objc; path = TMPModelNumberValidator.m; sourceTree = "<group>"; };
		09F6884E1B1838E300B58B0B /* TMPModelRangeValidator.h */ = {isa = PBXFileReference; fileEncoding = 4; lastKnownFileType = sourcecode.c.h; path = TMPModelRangeValidator.h; sourceTree = "<group>"; };
		09F6884F1B1838E300B58B0B /* TMPModelRangeValidator.m */ = {isa = PBXFileReference; fileEncoding = 4; lastKnownFileType = sourcecode.c.objc; path = TMPModelRangeValidator.m; sourceTree = "<group>"; };
		09F688501B1838E300B58B0B /* TMPModelRegExpValidator.h */ = {isa = PBXFileReference; fileEncoding = 4; lastKnownFileType = sourcecode.c.h; path = TMPModelRegExpValidator.h; sourceTree = "<group>"; };
		09F688511B1838E300B58B0B /* TMPModelRegExpValidator.m */ = {isa = PBXFileReference; fileEncoding = 4; lastKnownFileType = sourcecode.c.objc; path = TMPModelRegExpValidator.m; sourceTree = "<group>"; };
		09F688521B1838E300B58B0B /* TMPModelRequiredValidator.h */ = {isa = PBXFileReference; fileEncoding = 4; lastKnownFileType = sourcecode.c.h; path = TMPModelRequiredValidator.h; sourceTree = "<group>"; };
		09F688531B1838E300B58B0B /* TMPModelRequiredValidator.m */ = {isa = PBXFileReference; fileEncoding = 4; lastKnownFileType = sourcecode.c.objc; path = TMPModelRequiredValidator.m; sourceTree = "<group>"; };
		09F688541B1838E300B58B0B /* TMPModelSafeValidator.h */ = {isa = PBXFileReference; fileEncoding = 4; lastKnownFileType = sourcecode.c.h; path = TMPModelSafeValidator.h; sourceTree = "<group>"; };
		09F688551B1838E300B58B0B /* TMPModelSafeValidator.m */ = {isa = PBXFileReference; fileEncoding = 4; lastKnownFileType = sourcecode.c.objc; path = TMPModelSafeValidator.m; sourceTree = "<group>"; };
		09F688561B1838E300B58B0B /* TMPModelStringValidator.h */ = {isa = PBXFileReference; fileEncoding = 4; lastKnownFileType = sourcecode.c.h; path = TMPModelStringValidator.h; sourceTree = "<group>"; };
		09F688571B1838E300B58B0B /* TMPModelStringValidator.m */ = {isa = PBXFileReference; fileEncoding = 4; lastKnownFileType = sourcecode.c.objc; path = TMPModelStringValidator.m; sourceTree = "<group>"; };
		09F688581B1838E300B58B0B /* TMPModelUrlValidator.h */ = {isa = PBXFileReference; fileEncoding = 4; lastKnownFileType = sourcecode.c.h; path = TMPModelUrlValidator.h; sourceTree = "<group>"; };
		09F688591B1838E300B58B0B /* TMPModelUrlValidator.m */ = {isa = PBXFileReference; fileEncoding = 4; lastKnownFileType = sourcecode.c.objc; path = TMPModelUrlValidator.m; sourceTree = "<group>"; };
		09F6885A1B1838E300B58B0B /* TMPModelValidator.h */ = {isa = PBXFileReference; fileEncoding = 4; lastKnownFileType = sourcecode.c.h; path = TMPModelValidator.h; sourceTree = "<group>"; };
		09F6885B1B1838E300B58B0B /* TMPModelValidator.m */ = {isa = PBXFileReference; fileEncoding = 4; lastKnownFileType = sourcecode.c.objc; path = TMPModelValidator.m; sourceTree = "<group>"; };
		09F6885C1B1838E300B58B0B /* TMPModelValidation.h */ = {isa = PBXFileReference; fileEncoding = 4; lastKnownFileType = sourcecode.c.h; path = TMPModelValidation.h; sourceTree = "<group>"; };
		09F6885D1B1838E300B58B0B /* TMPModelObserver.m */ = {isa = PBXFileReference; fileEncoding = 4; lastKnownFileType = sourcecode.c.objc; path = TMPModelObserver.m; sourceTree = "<group>"; };
		09F6885E1B1838E300B58B0B /* TMPModelObserver.h */ = {isa = PBXFileReference; fileEncoding = 4; lastKnownFileType = sourcecode.c.h; path = TMPModelObserver.h; sourceTree = "<group>"; };
		09F6885F1B1838E300B58B0B /* TMPModel.m */ = {isa = PBXFileReference; fileEncoding = 4; lastKnownFileType = sourcecode.c.objc; path = TMPModel.m; sourceTree = "<group>"; };
		09F688601B1838E300B58B0B /* TMPModel.h */ = {isa = PBXFileReference; fileEncoding = 4; lastKnownFileType = sourcecode.c.h; path = TMPModel.h; sourceTree = "<group>"; };
		09F688611B1838E300B58B0B /* NSObject+TMPModelValidation.m */ = {isa = PBXFileReference; fileEncoding = 4; lastKnownFileType = sourcecode.c.objc; path = "NSObject+TMPModelValidation.m"; sourceTree = "<group>"; };
		09F688621B1838E300B58B0B /* NSObject+TMPModelValidation.h */ = {isa = PBXFileReference; fileEncoding = 4; lastKnownFileType = sourcecode.c.h; path = "NSObject+TMPModelValidation.h"; sourceTree = "<group>"; };
		55901AF91A1C823F0027C024 /* FXFormsExample.app */ = {isa = PBXFileReference; explicitFileType = wrapper.application; includeInIndex = 0; path = FXFormsExample.app; sourceTree = BUILT_PRODUCTS_DIR; };
		55901AFD1A1C823F0027C024 /* Info.plist */ = {isa = PBXFileReference; lastKnownFileType = text.plist.xml; path = Info.plist; sourceTree = "<group>"; };
		55901AFE1A1C823F0027C024 /* main.m */ = {isa = PBXFileReference; lastKnownFileType = sourcecode.c.objc; path = main.m; sourceTree = "<group>"; };
		55901B001A1C823F0027C024 /* AppDelegate.h */ = {isa = PBXFileReference; lastKnownFileType = sourcecode.c.h; path = AppDelegate.h; sourceTree = "<group>"; };
		55901B011A1C823F0027C024 /* AppDelegate.m */ = {isa = PBXFileReference; lastKnownFileType = sourcecode.c.objc; path = AppDelegate.m; sourceTree = "<group>"; };
		55901B031A1C823F0027C024 /* ViewController.h */ = {isa = PBXFileReference; lastKnownFileType = sourcecode.c.h; path = ViewController.h; sourceTree = "<group>"; };
		55901B041A1C823F0027C024 /* ViewController.m */ = {isa = PBXFileReference; lastKnownFileType = sourcecode.c.objc; path = ViewController.m; sourceTree = "<group>"; };
		55901B071A1C823F0027C024 /* Base */ = {isa = PBXFileReference; lastKnownFileType = file.storyboard; name = Base; path = Base.lproj/Main.storyboard; sourceTree = "<group>"; };
		55901B091A1C823F0027C024 /* Images.xcassets */ = {isa = PBXFileReference; lastKnownFileType = folder.assetcatalog; path = Images.xcassets; sourceTree = "<group>"; };
		55901B201A1C84B10027C024 /* User.h */ = {isa = PBXFileReference; fileEncoding = 4; lastKnownFileType = sourcecode.c.h; path = User.h; sourceTree = "<group>"; };
		55901B211A1C84B10027C024 /* User.m */ = {isa = PBXFileReference; fileEncoding = 4; lastKnownFileType = sourcecode.c.objc; path = User.m; sourceTree = "<group>"; };
		9023C31CB98B148452B58811 /* Pods-FXFormsExample.release.xcconfig */ = {isa = PBXFileReference; includeInIndex = 1; lastKnownFileType = text.xcconfig; name = "Pods-FXFormsExample.release.xcconfig"; path = "Pods/Target Support Files/Pods-FXFormsExample/Pods-FXFormsExample.release.xcconfig"; sourceTree = "<group>"; };
		90CBF55414480B5EE4226A99 /* Pods-FXFormsExample.debug.xcconfig */ = {isa = PBXFileReference; includeInIndex = 1; lastKnownFileType = text.xcconfig; name = "Pods-FXFormsExample.debug.xcconfig"; path = "Pods/Target Support Files/Pods-FXFormsExample/Pods-FXFormsExample.debug.xcconfig"; sourceTree = "<group>"; };
		B946C9E1350ABDFB86909171 /* libPods-FXFormsExample.a */ = {isa = PBXFileReference; explicitFileType = archive.ar; includeInIndex = 0; path = "libPods-FXFormsExample.a"; sourceTree = BUILT_PRODUCTS_DIR; };
/* End PBXFileReference section */

/* Begin PBXFrameworksBuildPhase section */
		55901AF61A1C823F0027C024 /* Frameworks */ = {
			isa = PBXFrameworksBuildPhase;
			buildActionMask = 2147483647;
			files = (
				D7DF35166134711CCA4D92DB /* libPods-FXFormsExample.a in Frameworks */,
			);
			runOnlyForDeploymentPostprocessing = 0;
		};
/* End PBXFrameworksBuildPhase section */

/* Begin PBXGroup section */
		09F6883C1B1838E300B58B0B /* validators */ = {
			isa = PBXGroup;
			children = (
				09F6883D1B1838E300B58B0B /* filters */,
				09F688401B1838E300B58B0B /* TMPModelBooleanValidator.h */,
				09F688411B1838E300B58B0B /* TMPModelBooleanValidator.m */,
				09F688421B1838E300B58B0B /* TMPModelCompareValidator.h */,
				09F688431B1838E300B58B0B /* TMPModelCompareValidator.m */,
				09F688441B1838E300B58B0B /* TMPModelDefaultValueValidator.h */,
				09F688451B1838E300B58B0B /* TMPModelDefaultValueValidator.m */,
				09F688461B1838E300B58B0B /* TMPModelEmailValidator.h */,
				09F688471B1838E300B58B0B /* TMPModelEmailValidator.m */,
				09F688481B1838E300B58B0B /* TMPModelFilterValidator.h */,
				09F688491B1838E300B58B0B /* TMPModelFilterValidator.m */,
				09F6884A1B1838E300B58B0B /* TMPModelInlineValidator.h */,
				09F6884B1B1838E300B58B0B /* TMPModelInlineValidator.m */,
				09F6884C1B1838E300B58B0B /* TMPModelNumberValidator.h */,
				09F6884D1B1838E300B58B0B /* TMPModelNumberValidator.m */,
				09F6884E1B1838E300B58B0B /* TMPModelRangeValidator.h */,
				09F6884F1B1838E300B58B0B /* TMPModelRangeValidator.m */,
				09F688501B1838E300B58B0B /* TMPModelRegExpValidator.h */,
				09F688511B1838E300B58B0B /* TMPModelRegExpValidator.m */,
				09F688521B1838E300B58B0B /* TMPModelRequiredValidator.h */,
				09F688531B1838E300B58B0B /* TMPModelRequiredValidator.m */,
				09F688541B1838E300B58B0B /* TMPModelSafeValidator.h */,
				09F688551B1838E300B58B0B /* TMPModelSafeValidator.m */,
				09F688561B1838E300B58B0B /* TMPModelStringValidator.h */,
				09F688571B1838E300B58B0B /* TMPModelStringValidator.m */,
				09F688581B1838E300B58B0B /* TMPModelUrlValidator.h */,
				09F688591B1838E300B58B0B /* TMPModelUrlValidator.m */,
				09F6885A1B1838E300B58B0B /* TMPModelValidator.h */,
				09F6885B1B1838E300B58B0B /* TMPModelValidator.m */,
			);
			path = validators;
			sourceTree = "<group>";
		};
		09F6883D1B1838E300B58B0B /* filters */ = {
			isa = PBXGroup;
			children = (
				09F6883E1B1838E300B58B0B /* TMPModelTrimFilter.h */,
				09F6883F1B1838E300B58B0B /* TMPModelTrimFilter.m */,
			);
			path = filters;
			sourceTree = "<group>";
		};
		55901AEE1A1C82300027C024 = {
			isa = PBXGroup;
			children = (
				55901AFB1A1C823F0027C024 /* FXFormsExample */,
				55901AFA1A1C823F0027C024 /* Products */,
				86467D945F57DFCBCC648943 /* Pods */,
				A9CAFF2E5E238A007249A0C1 /* Frameworks */,
			);
			sourceTree = "<group>";
		};
		55901AFA1A1C823F0027C024 /* Products */ = {
			isa = PBXGroup;
			children = (
				55901AF91A1C823F0027C024 /* FXFormsExample.app */,
			);
			name = Products;
			sourceTree = "<group>";
		};
		55901AFB1A1C823F0027C024 /* FXFormsExample */ = {
			isa = PBXGroup;
			children = (
				55A64B121A1CF9C100346808 /* FXModelValidation */,
				55901B201A1C84B10027C024 /* User.h */,
				55901B211A1C84B10027C024 /* User.m */,
				55901B001A1C823F0027C024 /* AppDelegate.h */,
				55901B011A1C823F0027C024 /* AppDelegate.m */,
				55901B031A1C823F0027C024 /* ViewController.h */,
				55901B041A1C823F0027C024 /* ViewController.m */,
				55901B061A1C823F0027C024 /* Main.storyboard */,
				55901B091A1C823F0027C024 /* Images.xcassets */,
				55901AFC1A1C823F0027C024 /* Supporting Files */,
			);
			path = FXFormsExample;
			sourceTree = "<group>";
		};
		55901AFC1A1C823F0027C024 /* Supporting Files */ = {
			isa = PBXGroup;
			children = (
				55901AFD1A1C823F0027C024 /* Info.plist */,
				55901AFE1A1C823F0027C024 /* main.m */,
			);
			name = "Supporting Files";
			sourceTree = "<group>";
		};
		55A64B121A1CF9C100346808 /* FXModelValidation */ = {
			isa = PBXGroup;
			children = (
				09F6883C1B1838E300B58B0B /* validators */,
				09F6885C1B1838E300B58B0B /* TMPModelValidation.h */,
				09F6885E1B1838E300B58B0B /* TMPModelObserver.h */,
				09F6885D1B1838E300B58B0B /* TMPModelObserver.m */,
				09F6885F1B1838E300B58B0B /* TMPModel.m */,
				09F688601B1838E300B58B0B /* TMPModel.h */,
				09F688611B1838E300B58B0B /* NSObject+TMPModelValidation.m */,
				09F688621B1838E300B58B0B /* NSObject+TMPModelValidation.h */,
			);
			name = FXModelValidation;
			path = ../../FXModelValidation;
			sourceTree = "<group>";
		};
		86467D945F57DFCBCC648943 /* Pods */ = {
			isa = PBXGroup;
			children = (
				90CBF55414480B5EE4226A99 /* Pods-FXFormsExample.debug.xcconfig */,
				9023C31CB98B148452B58811 /* Pods-FXFormsExample.release.xcconfig */,
			);
			name = Pods;
			sourceTree = "<group>";
		};
		A9CAFF2E5E238A007249A0C1 /* Frameworks */ = {
			isa = PBXGroup;
			children = (
				B946C9E1350ABDFB86909171 /* libPods-FXFormsExample.a */,
			);
			name = Frameworks;
			sourceTree = "<group>";
		};
/* End PBXGroup section */

/* Begin PBXNativeTarget section */
		55901AF81A1C823F0027C024 /* FXFormsExample */ = {
			isa = PBXNativeTarget;
			buildConfigurationList = 55901B1A1A1C823F0027C024 /* Build configuration list for PBXNativeTarget "FXFormsExample" */;
			buildPhases = (
				52E66CA09A3A0433AD1DC982 /* Check Pods Manifest.lock */,
				55901AF51A1C823F0027C024 /* Sources */,
				55901AF61A1C823F0027C024 /* Frameworks */,
				55901AF71A1C823F0027C024 /* Resources */,
				3FA7EB681B820E85C5FF8B2E /* Copy Pods Resources */,
			);
			buildRules = (
			);
			dependencies = (
			);
			name = FXFormsExample;
			productName = FXFormsExample;
			productReference = 55901AF91A1C823F0027C024 /* FXFormsExample.app */;
			productType = "com.apple.product-type.application";
		};
/* End PBXNativeTarget section */

/* Begin PBXProject section */
		55901AEF1A1C82300027C024 /* Project object */ = {
			isa = PBXProject;
			attributes = {
				LastUpgradeCheck = 0600;
				TargetAttributes = {
					55901AF81A1C823F0027C024 = {
						CreatedOnToolsVersion = 6.0.1;
					};
				};
			};
			buildConfigurationList = 55901AF21A1C82300027C024 /* Build configuration list for PBXProject "Examples" */;
			compatibilityVersion = "Xcode 3.2";
			developmentRegion = English;
			hasScannedForEncodings = 0;
			knownRegions = (
				en,
				Base,
			);
			mainGroup = 55901AEE1A1C82300027C024;
			productRefGroup = 55901AFA1A1C823F0027C024 /* Products */;
			projectDirPath = "";
			projectRoot = "";
			targets = (
				55901AF81A1C823F0027C024 /* FXFormsExample */,
			);
		};
/* End PBXProject section */

/* Begin PBXResourcesBuildPhase section */
		55901AF71A1C823F0027C024 /* Resources */ = {
			isa = PBXResourcesBuildPhase;
			buildActionMask = 2147483647;
			files = (
				55901B081A1C823F0027C024 /* Main.storyboard in Resources */,
				55901B0A1A1C823F0027C024 /* Images.xcassets in Resources */,
			);
			runOnlyForDeploymentPostprocessing = 0;
		};
/* End PBXResourcesBuildPhase section */

/* Begin PBXShellScriptBuildPhase section */
		3FA7EB681B820E85C5FF8B2E /* Copy Pods Resources */ = {
			isa = PBXShellScriptBuildPhase;
			buildActionMask = 2147483647;
			files = (
			);
			inputPaths = (
			);
			name = "Copy Pods Resources";
			outputPaths = (
			);
			runOnlyForDeploymentPostprocessing = 0;
			shellPath = /bin/sh;
			shellScript = "\"${SRCROOT}/Pods/Target Support Files/Pods-FXFormsExample/Pods-FXFormsExample-resources.sh\"\n";
			showEnvVarsInLog = 0;
		};
		52E66CA09A3A0433AD1DC982 /* Check Pods Manifest.lock */ = {
			isa = PBXShellScriptBuildPhase;
			buildActionMask = 2147483647;
			files = (
			);
			inputPaths = (
			);
			name = "Check Pods Manifest.lock";
			outputPaths = (
			);
			runOnlyForDeploymentPostprocessing = 0;
			shellPath = /bin/sh;
			shellScript = "diff \"${PODS_ROOT}/../Podfile.lock\" \"${PODS_ROOT}/Manifest.lock\" > /dev/null\nif [[ $? != 0 ]] ; then\n    cat << EOM\nerror: The sandbox is not in sync with the Podfile.lock. Run 'pod install' or update your CocoaPods installation.\nEOM\n    exit 1\nfi\n";
			showEnvVarsInLog = 0;
		};
/* End PBXShellScriptBuildPhase section */

/* Begin PBXSourcesBuildPhase section */
		55901AF51A1C823F0027C024 /* Sources */ = {
			isa = PBXSourcesBuildPhase;
			buildActionMask = 2147483647;
			files = (
				09F688691B1838E300B58B0B /* TMPModelInlineValidator.m in Sources */,
				55901B221A1C84B10027C024 /* User.m in Sources */,
				09F688641B1838E300B58B0B /* TMPModelBooleanValidator.m in Sources */,
				09F688721B1838E300B58B0B /* TMPModelObserver.m in Sources */,
				09F6886D1B1838E300B58B0B /* TMPModelRequiredValidator.m in Sources */,
				09F688731B1838E300B58B0B /* TMPModel.m in Sources */,
				09F6886C1B1838E300B58B0B /* TMPModelRegExpValidator.m in Sources */,
				55901B051A1C823F0027C024 /* ViewController.m in Sources */,
				09F6886B1B1838E300B58B0B /* TMPModelRangeValidator.m in Sources */,
				09F688671B1838E300B58B0B /* TMPModelEmailValidator.m in Sources */,
				09F688741B1838E300B58B0B /* NSObject+TMPModelValidation.m in Sources */,
				09F6886A1B1838E300B58B0B /* TMPModelNumberValidator.m in Sources */,
				09F6886E1B1838E300B58B0B /* TMPModelSafeValidator.m in Sources */,
				55901B021A1C823F0027C024 /* AppDelegate.m in Sources */,
				09F688661B1838E300B58B0B /* TMPModelDefaultValueValidator.m in Sources */,
				09F688681B1838E300B58B0B /* TMPModelFilterValidator.m in Sources */,
				55901AFF1A1C823F0027C024 /* main.m in Sources */,
				09F688631B1838E300B58B0B /* TMPModelTrimFilter.m in Sources */,
				09F688651B1838E300B58B0B /* TMPModelCompareValidator.m in Sources */,
				09F688701B1838E300B58B0B /* TMPModelUrlValidator.m in Sources */,
				09F688711B1838E300B58B0B /* TMPModelValidator.m in Sources */,
				09F6886F1B1838E300B58B0B /* TMPModelStringValidator.m in Sources */,
			);
			runOnlyForDeploymentPostprocessing = 0;
		};
/* End PBXSourcesBuildPhase section */

/* Begin PBXVariantGroup section */
		55901B061A1C823F0027C024 /* Main.storyboard */ = {
			isa = PBXVariantGroup;
			children = (
				55901B071A1C823F0027C024 /* Base */,
			);
			name = Main.storyboard;
			sourceTree = "<group>";
		};
/* End PBXVariantGroup section */

/* Begin XCBuildConfiguration section */
		55901AF31A1C82300027C024 /* Debug */ = {
			isa = XCBuildConfiguration;
			buildSettings = {
			};
			name = Debug;
		};
		55901AF41A1C82300027C024 /* Release */ = {
			isa = XCBuildConfiguration;
			buildSettings = {
			};
			name = Release;
		};
		55901B1B1A1C823F0027C024 /* Debug */ = {
			isa = XCBuildConfiguration;
			baseConfigurationReference = 90CBF55414480B5EE4226A99 /* Pods-FXFormsExample.debug.xcconfig */;
			buildSettings = {
				ALWAYS_SEARCH_USER_PATHS = NO;
				ASSETCATALOG_COMPILER_APPICON_NAME = AppIcon;
				CLANG_CXX_LANGUAGE_STANDARD = "gnu++0x";
				CLANG_CXX_LIBRARY = "libc++";
				CLANG_ENABLE_MODULES = YES;
				CLANG_ENABLE_OBJC_ARC = YES;
				CLANG_WARN_BOOL_CONVERSION = YES;
				CLANG_WARN_CONSTANT_CONVERSION = YES;
				CLANG_WARN_DIRECT_OBJC_ISA_USAGE = YES_ERROR;
				CLANG_WARN_EMPTY_BODY = YES;
				CLANG_WARN_ENUM_CONVERSION = YES;
				CLANG_WARN_INT_CONVERSION = YES;
				CLANG_WARN_OBJC_ROOT_CLASS = YES_ERROR;
				CLANG_WARN_UNREACHABLE_CODE = YES;
				CLANG_WARN__DUPLICATE_METHOD_MATCH = YES;
				"CODE_SIGN_IDENTITY[sdk=iphoneos*]" = "iPhone Developer";
				COPY_PHASE_STRIP = NO;
				ENABLE_STRICT_OBJC_MSGSEND = YES;
				GCC_C_LANGUAGE_STANDARD = gnu99;
				GCC_DYNAMIC_NO_PIC = NO;
				GCC_OPTIMIZATION_LEVEL = 0;
				GCC_PREPROCESSOR_DEFINITIONS = (
					"DEBUG=1",
					"$(inherited)",
				);
				GCC_SYMBOLS_PRIVATE_EXTERN = NO;
				GCC_WARN_64_TO_32_BIT_CONVERSION = YES;
				GCC_WARN_ABOUT_RETURN_TYPE = YES_ERROR;
				GCC_WARN_UNDECLARED_SELECTOR = YES;
				GCC_WARN_UNINITIALIZED_AUTOS = YES_AGGRESSIVE;
				GCC_WARN_UNUSED_FUNCTION = YES;
				GCC_WARN_UNUSED_VARIABLE = YES;
				INFOPLIST_FILE = FXFormsExample/Info.plist;
				IPHONEOS_DEPLOYMENT_TARGET = 8.0;
				LD_RUNPATH_SEARCH_PATHS = "$(inherited) @executable_path/Frameworks";
				MTL_ENABLE_DEBUG_INFO = YES;
				ONLY_ACTIVE_ARCH = YES;
				PRODUCT_NAME = "$(TARGET_NAME)";
				SDKROOT = iphoneos;
				TARGETED_DEVICE_FAMILY = 1;
			};
			name = Debug;
		};
		55901B1C1A1C823F0027C024 /* Release */ = {
			isa = XCBuildConfiguration;
			baseConfigurationReference = 9023C31CB98B148452B58811 /* Pods-FXFormsExample.release.xcconfig */;
			buildSettings = {
				ALWAYS_SEARCH_USER_PATHS = NO;
				ASSETCATALOG_COMPILER_APPICON_NAME = AppIcon;
				CLANG_CXX_LANGUAGE_STANDARD = "gnu++0x";
				CLANG_CXX_LIBRARY = "libc++";
				CLANG_ENABLE_MODULES = YES;
				CLANG_ENABLE_OBJC_ARC = YES;
				CLANG_WARN_BOOL_CONVERSION = YES;
				CLANG_WARN_CONSTANT_CONVERSION = YES;
				CLANG_WARN_DIRECT_OBJC_ISA_USAGE = YES_ERROR;
				CLANG_WARN_EMPTY_BODY = YES;
				CLANG_WARN_ENUM_CONVERSION = YES;
				CLANG_WARN_INT_CONVERSION = YES;
				CLANG_WARN_OBJC_ROOT_CLASS = YES_ERROR;
				CLANG_WARN_UNREACHABLE_CODE = YES;
				CLANG_WARN__DUPLICATE_METHOD_MATCH = YES;
				"CODE_SIGN_IDENTITY[sdk=iphoneos*]" = "iPhone Developer";
				COPY_PHASE_STRIP = YES;
				ENABLE_NS_ASSERTIONS = NO;
				ENABLE_STRICT_OBJC_MSGSEND = YES;
				GCC_C_LANGUAGE_STANDARD = gnu99;
				GCC_WARN_64_TO_32_BIT_CONVERSION = YES;
				GCC_WARN_ABOUT_RETURN_TYPE = YES_ERROR;
				GCC_WARN_UNDECLARED_SELECTOR = YES;
				GCC_WARN_UNINITIALIZED_AUTOS = YES_AGGRESSIVE;
				GCC_WARN_UNUSED_FUNCTION = YES;
				GCC_WARN_UNUSED_VARIABLE = YES;
				INFOPLIST_FILE = FXFormsExample/Info.plist;
				IPHONEOS_DEPLOYMENT_TARGET = 8.0;
				LD_RUNPATH_SEARCH_PATHS = "$(inherited) @executable_path/Frameworks";
				MTL_ENABLE_DEBUG_INFO = NO;
				PRODUCT_NAME = "$(TARGET_NAME)";
				SDKROOT = iphoneos;
				TARGETED_DEVICE_FAMILY = 1;
				VALIDATE_PRODUCT = YES;
			};
			name = Release;
		};
/* End XCBuildConfiguration section */

/* Begin XCConfigurationList section */
		55901AF21A1C82300027C024 /* Build configuration list for PBXProject "Examples" */ = {
			isa = XCConfigurationList;
			buildConfigurations = (
				55901AF31A1C82300027C024 /* Debug */,
				55901AF41A1C82300027C024 /* Release */,
			);
			defaultConfigurationIsVisible = 0;
			defaultConfigurationName = Release;
		};
		55901B1A1A1C823F0027C024 /* Build configuration list for PBXNativeTarget "FXFormsExample" */ = {
			isa = XCConfigurationList;
			buildConfigurations = (
				55901B1B1A1C823F0027C024 /* Debug */,
				55901B1C1A1C823F0027C024 /* Release */,
			);
			defaultConfigurationIsVisible = 0;
			defaultConfigurationName = Release;
		};
/* End XCConfigurationList section */
	};
	rootObject = 55901AEF1A1C82300027C024 /* Project object */;
}
